
Microsoft Visual Studio Solution File, Format Version 12.00
# Visual Studio Version 16
VisualStudioVersion = 16.0.31112.23
MinimumVisualStudioVersion = 10.0.40219.1
Project("{FAE04EC0-301F-11D3-BF4B-00C04F79EFBC}") = "CloudComputeHW1", "CloudComputeHW1\CloudComputeHW1.csproj", "{C99A3AA9-78BC-42CD-9247-2906C387F92C}"
EndProject
Global
	GlobalSection(SolutionConfigurationPlatforms) = preSolution
		Debug|Any CPU = Debug|Any CPU
		Release|Any CPU = Release|Any CPU
	EndGlobalSection
	GlobalSection(ProjectConfigurationPlatforms) = postSolution
		{C99A3AA9-78BC-42CD-9247-2906C387F92C}.Debug|Any CPU.ActiveCfg = Debug|Any CPU
		{C99A3AA9-78BC-42CD-9247-2906C387F92C}.Debug|Any CPU.Build.0 = Debug|Any CPU
		{C99A3AA9-78BC-42CD-9247-2906C387F92C}.Release|Any CPU.ActiveCfg = Release|Any CPU
		{C99A3AA9-78BC-42CD-9247-2906C387F92C}.Release|Any CPU.Build.0 = Release|Any CPU
	EndGlobalSection
	GlobalSection(SolutionProperties) = preSolution
		HideSolutionNode = FALSE
	EndGlobalSection
	GlobalSection(ExtensibilityGlobals) = postSolution
		SolutionGuid = {26BE0A60-45C8-4CCF-B6F8-0736E94C561E}
	EndGlobalSection
EndGlobal
